
Microsoft Visual Studio Solution File, Format Version 12.00
# Visual Studio 15
VisualStudioVersion = 15.0.26730.12
MinimumVisualStudioVersion = 10.0.40219.1
Project("{FAE04EC0-301F-11D3-BF4B-00C04F79EFBC}") = "IdentityServerSample", "IdentityServerSample\IdentityServerSample.csproj", "{C7C87E08-9506-44D3-AC1F-15790B47EE1D}"
EndProject
Project("{FAE04EC0-301F-11D3-BF4B-00C04F79EFBC}") = "SocialNetwork.Web", "SocialNetwork.Web\SocialNetwork.Web.csproj", "{103654B4-F9CE-464E-BDC1-29AA1E739204}"
EndProject
Global
	GlobalSection(SolutionConfigurationPlatforms) = preSolution
		Debug|Any CPU = Debug|Any CPU
		Release|Any CPU = Release|Any CPU
	EndGlobalSection
	GlobalSection(ProjectConfigurationPlatforms) = postSolution
		{C7C87E08-9506-44D3-AC1F-15790B47EE1D}.Debug|Any CPU.ActiveCfg = Debug|Any CPU
		{C7C87E08-9506-44D3-AC1F-15790B47EE1D}.Debug|Any CPU.Build.0 = Debug|Any CPU
		{C7C87E08-9506-44D3-AC1F-15790B47EE1D}.Release|Any CPU.ActiveCfg = Release|Any CPU
		{C7C87E08-9506-44D3-AC1F-15790B47EE1D}.Release|Any CPU.Build.0 = Release|Any CPU
		{103654B4-F9CE-464E-BDC1-29AA1E739204}.Debug|Any CPU.ActiveCfg = Debug|Any CPU
		{103654B4-F9CE-464E-BDC1-29AA1E739204}.Debug|Any CPU.Build.0 = Debug|Any CPU
		{103654B4-F9CE-464E-BDC1-29AA1E739204}.Release|Any CPU.ActiveCfg = Release|Any CPU
		{103654B4-F9CE-464E-BDC1-29AA1E739204}.Release|Any CPU.Build.0 = Release|Any CPU
	EndGlobalSection
	GlobalSection(SolutionProperties) = preSolution
		HideSolutionNode = FALSE
	EndGlobalSection
	GlobalSection(ExtensibilityGlobals) = postSolution
		SolutionGuid = {C29FC31B-00CA-4F4A-B53E-F25B12736628}
	EndGlobalSection
EndGlobal
